// !$*UTF8*$!
{
	archiveVersion = 1;
	classes = {
	};
	objectVersion = 56;
	objects = {

/* Begin PBXBuildFile section */
		99228B4E2C6F382B009A3C2F /* GameScene.swift in Sources */ = {isa = PBXBuildFile; fileRef = 99228B4D2C6F382B009A3C2F /* GameScene.swift */; };
		99228B512C6F3849009A3C2F /* KeySprite.swift in Sources */ = {isa = PBXBuildFile; fileRef = 99228B502C6F3849009A3C2F /* KeySprite.swift */; };
		99228B532C6F3855009A3C2F /* VerticalCandle.swift in Sources */ = {isa = PBXBuildFile; fileRef = 99228B522C6F3855009A3C2F /* VerticalCandle.swift */; };
		99228B552C6F385F009A3C2F /* HorizontalCandle.swift in Sources */ = {isa = PBXBuildFile; fileRef = 99228B542C6F385F009A3C2F /* HorizontalCandle.swift */; };
		99228B572C6F3983009A3C2F /* SKSpriteNodeWithBounds.swift in Sources */ = {isa = PBXBuildFile; fileRef = 99228B562C6F3983009A3C2F /* SKSpriteNodeWithBounds.swift */; };
		9999E96F2C628CFF002C0819 /* HamsterKombatApp.swift in Sources */ = {isa = PBXBuildFile; fileRef = 9999E96E2C628CFF002C0819 /* HamsterKombatApp.swift */; };
		9999E9712C628CFF002C0819 /* ContentView.swift in Sources */ = {isa = PBXBuildFile; fileRef = 9999E9702C628CFF002C0819 /* ContentView.swift */; };
		9999E9732C628D02002C0819 /* Assets.xcassets in Resources */ = {isa = PBXBuildFile; fileRef = 9999E9722C628D02002C0819 /* Assets.xcassets */; };
		9999E9762C628D02002C0819 /* Preview Assets.xcassets in Resources */ = {isa = PBXBuildFile; fileRef = 9999E9752C628D02002C0819 /* Preview Assets.xcassets */; };
		9999E97F2C628DB4002C0819 /* LoadingView.swift in Sources */ = {isa = PBXBuildFile; fileRef = 9999E97E2C628DB4002C0819 /* LoadingView.swift */; };
		9999E9822C628E0A002C0819 /* ImageTitles.swift in Sources */ = {isa = PBXBuildFile; fileRef = 9999E9812C628E0A002C0819 /* ImageTitles.swift */; };
		9999E9852C62902F002C0819 /* TextCustom.swift in Sources */ = {isa = PBXBuildFile; fileRef = 9999E9842C62902F002C0819 /* TextCustom.swift */; };
		9999E9872C629093002C0819 /* UIFontExtension.swift in Sources */ = {isa = PBXBuildFile; fileRef = 9999E9862C629093002C0819 /* UIFontExtension.swift */; };
		9999E9892C6290BF002C0819 /* FontCustomModifier.swift in Sources */ = {isa = PBXBuildFile; fileRef = 9999E9882C6290BF002C0819 /* FontCustomModifier.swift */; };
		9999E98B2C6290D2002C0819 /* ForegroundColorCustomModifier.swift in Sources */ = {isa = PBXBuildFile; fileRef = 9999E98A2C6290D2002C0819 /* ForegroundColorCustomModifier.swift */; };
		9999E98E2C62C266002C0819 /* MainView.swift in Sources */ = {isa = PBXBuildFile; fileRef = 9999E98D2C62C266002C0819 /* MainView.swift */; };
		9999E9912C62C28E002C0819 /* DailyRewardButton.swift in Sources */ = {isa = PBXBuildFile; fileRef = 9999E9902C62C28E002C0819 /* DailyRewardButton.swift */; };
		9999E9932C62C593002C0819 /* CoinsForAdButton.swift in Sources */ = {isa = PBXBuildFile; fileRef = 9999E9922C62C593002C0819 /* CoinsForAdButton.swift */; };
		9999E9952C62C64C002C0819 /* TimerView.swift in Sources */ = {isa = PBXBuildFile; fileRef = 9999E9942C62C64C002C0819 /* TimerView.swift */; };
		9999E9972C6360C9002C0819 /* BuyASkinButton.swift in Sources */ = {isa = PBXBuildFile; fileRef = 9999E9962C6360C9002C0819 /* BuyASkinButton.swift */; };
		9999E9992C63649C002C0819 /* LeagueView.swift in Sources */ = {isa = PBXBuildFile; fileRef = 9999E9982C63649C002C0819 /* LeagueView.swift */; };
		9999E99B2C636F73002C0819 /* RoundedRectangleExtension.swift in Sources */ = {isa = PBXBuildFile; fileRef = 9999E99A2C636F73002C0819 /* RoundedRectangleExtension.swift */; };
		9999E99D2C63811B002C0819 /* BurseView.swift in Sources */ = {isa = PBXBuildFile; fileRef = 9999E99C2C63811B002C0819 /* BurseView.swift */; };
		9999E9A12C638DBC002C0819 /* MiningView.swift in Sources */ = {isa = PBXBuildFile; fileRef = 9999E9A02C638DBC002C0819 /* MiningView.swift */; };
		9999E9A42C63FD26002C0819 /* ProfessionView.swift in Sources */ = {isa = PBXBuildFile; fileRef = 9999E9A32C63FD26002C0819 /* ProfessionView.swift */; };
		9999E9A62C64288D002C0819 /* MainViewModel.swift in Sources */ = {isa = PBXBuildFile; fileRef = 9999E9A52C64288D002C0819 /* MainViewModel.swift */; };
		9999E9A82C64BF2D002C0819 /* ProfessionDetailsView.swift in Sources */ = {isa = PBXBuildFile; fileRef = 9999E9A72C64BF2D002C0819 /* ProfessionDetailsView.swift */; };
		9999E9E12C68DE7B002C0819 /* ProfessionViewDescription.swift in Sources */ = {isa = PBXBuildFile; fileRef = 9999E9E02C68DE7B002C0819 /* ProfessionViewDescription.swift */; };
		9999E9E42C68F77F002C0819 /* Hamster.swift in Sources */ = {isa = PBXBuildFile; fileRef = 9999E9E32C68F77F002C0819 /* Hamster.swift */; };
		9999E9E62C68F8EB002C0819 /* DataManager.swift in Sources */ = {isa = PBXBuildFile; fileRef = 9999E9E52C68F8EB002C0819 /* DataManager.swift */; };
		9999E9E92C6904E2002C0819 /* BurseViewModel.swift in Sources */ = {isa = PBXBuildFile; fileRef = 9999E9E82C6904E2002C0819 /* BurseViewModel.swift */; };
		9999E9EB2C690706002C0819 /* ViewModelFactory.swift in Sources */ = {isa = PBXBuildFile; fileRef = 9999E9EA2C690705002C0819 /* ViewModelFactory.swift */; };
		9999E9EE2C690EF5002C0819 /* SkinsViewModel.swift in Sources */ = {isa = PBXBuildFile; fileRef = 9999E9ED2C690EF5002C0819 /* SkinsViewModel.swift */; };
		9999E9F02C690F24002C0819 /* SkinsView.swift in Sources */ = {isa = PBXBuildFile; fileRef = 9999E9EF2C690F24002C0819 /* SkinsView.swift */; };
		9999E9F22C691001002C0819 /* CloseButton.swift in Sources */ = {isa = PBXBuildFile; fileRef = 9999E9F12C691001002C0819 /* CloseButton.swift */; };
		9999E9F42C691453002C0819 /* SelectedSkinView.swift in Sources */ = {isa = PBXBuildFile; fileRef = 9999E9F32C691453002C0819 /* SelectedSkinView.swift */; };
		9999E9F72C6916A0002C0819 /* SelectedSkinViewModel.swift in Sources */ = {isa = PBXBuildFile; fileRef = 9999E9F62C6916A0002C0819 /* SelectedSkinViewModel.swift */; };
		9999E9FA2C6925B3002C0819 /* SkinsListViewModel.swift in Sources */ = {isa = PBXBuildFile; fileRef = 9999E9F92C6925B3002C0819 /* SkinsListViewModel.swift */; };
		9999E9FC2C6925C7002C0819 /* SkinsListView.swift in Sources */ = {isa = PBXBuildFile; fileRef = 9999E9FB2C6925C7002C0819 /* SkinsListView.swift */; };
		9999E9FE2C6926A4002C0819 /* SkinListItemView.swift in Sources */ = {isa = PBXBuildFile; fileRef = 9999E9FD2C6926A4002C0819 /* SkinListItemView.swift */; };
		9999EA002C6A035E002C0819 /* EnvironmentValues.swift in Sources */ = {isa = PBXBuildFile; fileRef = 9999E9FF2C6A035E002C0819 /* EnvironmentValues.swift */; };
		9999EA032C6A0929002C0819 /* MiniGameView.swift in Sources */ = {isa = PBXBuildFile; fileRef = 9999EA022C6A0929002C0819 /* MiniGameView.swift */; };
		9999EA052C6A0EAF002C0819 /* MiniGameLaunchView.swift in Sources */ = {isa = PBXBuildFile; fileRef = 9999EA042C6A0EAF002C0819 /* MiniGameLaunchView.swift */; };
		9999EA082C6A0FD9002C0819 /* GameView.swift in Sources */ = {isa = PBXBuildFile; fileRef = 9999EA072C6A0FD9002C0819 /* GameView.swift */; };
		99EB82622C6A26DB00147F23 /* SpaceController.swift in Sources */ = {isa = PBXBuildFile; fileRef = 99EB82612C6A26DB00147F23 /* SpaceController.swift */; };
/* End PBXBuildFile section */

/* Begin PBXFileReference section */
		99228B4D2C6F382B009A3C2F /* GameScene.swift */ = {isa = PBXFileReference; lastKnownFileType = sourcecode.swift; path = GameScene.swift; sourceTree = "<group>"; };
		99228B502C6F3849009A3C2F /* KeySprite.swift */ = {isa = PBXFileReference; lastKnownFileType = sourcecode.swift; path = KeySprite.swift; sourceTree = "<group>"; };
		99228B522C6F3855009A3C2F /* VerticalCandle.swift */ = {isa = PBXFileReference; lastKnownFileType = sourcecode.swift; path = VerticalCandle.swift; sourceTree = "<group>"; };
		99228B542C6F385F009A3C2F /* HorizontalCandle.swift */ = {isa = PBXFileReference; lastKnownFileType = sourcecode.swift; path = HorizontalCandle.swift; sourceTree = "<group>"; };
		99228B562C6F3983009A3C2F /* SKSpriteNodeWithBounds.swift */ = {isa = PBXFileReference; lastKnownFileType = sourcecode.swift; path = SKSpriteNodeWithBounds.swift; sourceTree = "<group>"; };
		9999E96B2C628CFF002C0819 /* HamsterKombat.app */ = {isa = PBXFileReference; explicitFileType = wrapper.application; includeInIndex = 0; path = HamsterKombat.app; sourceTree = BUILT_PRODUCTS_DIR; };
		9999E96E2C628CFF002C0819 /* HamsterKombatApp.swift */ = {isa = PBXFileReference; lastKnownFileType = sourcecode.swift; path = HamsterKombatApp.swift; sourceTree = "<group>"; };
		9999E9702C628CFF002C0819 /* ContentView.swift */ = {isa = PBXFileReference; lastKnownFileType = sourcecode.swift; path = ContentView.swift; sourceTree = "<group>"; };
		9999E9722C628D02002C0819 /* Assets.xcassets */ = {isa = PBXFileReference; lastKnownFileType = folder.assetcatalog; path = Assets.xcassets; sourceTree = "<group>"; };
		9999E9752C628D02002C0819 /* Preview Assets.xcassets */ = {isa = PBXFileReference; lastKnownFileType = folder.assetcatalog; path = "Preview Assets.xcassets"; sourceTree = "<group>"; };
		9999E97E2C628DB4002C0819 /* LoadingView.swift */ = {isa = PBXFileReference; lastKnownFileType = sourcecode.swift; path = LoadingView.swift; sourceTree = "<group>"; };
		9999E9812C628E0A002C0819 /* ImageTitles.swift */ = {isa = PBXFileReference; lastKnownFileType = sourcecode.swift; path = ImageTitles.swift; sourceTree = "<group>"; };
		9999E9842C62902F002C0819 /* TextCustom.swift */ = {isa = PBXFileReference; lastKnownFileType = sourcecode.swift; path = TextCustom.swift; sourceTree = "<group>"; };
		9999E9862C629093002C0819 /* UIFontExtension.swift */ = {isa = PBXFileReference; lastKnownFileType = sourcecode.swift; path = UIFontExtension.swift; sourceTree = "<group>"; };
		9999E9882C6290BF002C0819 /* FontCustomModifier.swift */ = {isa = PBXFileReference; lastKnownFileType = sourcecode.swift; path = FontCustomModifier.swift; sourceTree = "<group>"; };
		9999E98A2C6290D2002C0819 /* ForegroundColorCustomModifier.swift */ = {isa = PBXFileReference; lastKnownFileType = sourcecode.swift; path = ForegroundColorCustomModifier.swift; sourceTree = "<group>"; };
		9999E98D2C62C266002C0819 /* MainView.swift */ = {isa = PBXFileReference; lastKnownFileType = sourcecode.swift; path = MainView.swift; sourceTree = "<group>"; };
		9999E9902C62C28E002C0819 /* DailyRewardButton.swift */ = {isa = PBXFileReference; lastKnownFileType = sourcecode.swift; path = DailyRewardButton.swift; sourceTree = "<group>"; };
		9999E9922C62C593002C0819 /* CoinsForAdButton.swift */ = {isa = PBXFileReference; lastKnownFileType = sourcecode.swift; path = CoinsForAdButton.swift; sourceTree = "<group>"; };
		9999E9942C62C64C002C0819 /* TimerView.swift */ = {isa = PBXFileReference; lastKnownFileType = sourcecode.swift; path = TimerView.swift; sourceTree = "<group>"; };
		9999E9962C6360C9002C0819 /* BuyASkinButton.swift */ = {isa = PBXFileReference; lastKnownFileType = sourcecode.swift; path = BuyASkinButton.swift; sourceTree = "<group>"; };
		9999E9982C63649C002C0819 /* LeagueView.swift */ = {isa = PBXFileReference; lastKnownFileType = sourcecode.swift; path = LeagueView.swift; sourceTree = "<group>"; };
		9999E99A2C636F73002C0819 /* RoundedRectangleExtension.swift */ = {isa = PBXFileReference; lastKnownFileType = sourcecode.swift; path = RoundedRectangleExtension.swift; sourceTree = "<group>"; };
		9999E99C2C63811B002C0819 /* BurseView.swift */ = {isa = PBXFileReference; lastKnownFileType = sourcecode.swift; path = BurseView.swift; sourceTree = "<group>"; };
		9999E9A02C638DBC002C0819 /* MiningView.swift */ = {isa = PBXFileReference; lastKnownFileType = sourcecode.swift; path = MiningView.swift; sourceTree = "<group>"; };
		9999E9A32C63FD26002C0819 /* ProfessionView.swift */ = {isa = PBXFileReference; lastKnownFileType = sourcecode.swift; path = ProfessionView.swift; sourceTree = "<group>"; };
		9999E9A52C64288D002C0819 /* MainViewModel.swift */ = {isa = PBXFileReference; lastKnownFileType = sourcecode.swift; path = MainViewModel.swift; sourceTree = "<group>"; };
		9999E9A72C64BF2D002C0819 /* ProfessionDetailsView.swift */ = {isa = PBXFileReference; lastKnownFileType = sourcecode.swift; path = ProfessionDetailsView.swift; sourceTree = "<group>"; };
		9999E9E02C68DE7B002C0819 /* ProfessionViewDescription.swift */ = {isa = PBXFileReference; lastKnownFileType = sourcecode.swift; path = ProfessionViewDescription.swift; sourceTree = "<group>"; };
		9999E9E32C68F77F002C0819 /* Hamster.swift */ = {isa = PBXFileReference; lastKnownFileType = sourcecode.swift; path = Hamster.swift; sourceTree = "<group>"; };
		9999E9E52C68F8EB002C0819 /* DataManager.swift */ = {isa = PBXFileReference; lastKnownFileType = sourcecode.swift; path = DataManager.swift; sourceTree = "<group>"; };
		9999E9E82C6904E2002C0819 /* BurseViewModel.swift */ = {isa = PBXFileReference; lastKnownFileType = sourcecode.swift; path = BurseViewModel.swift; sourceTree = "<group>"; };
		9999E9EA2C690705002C0819 /* ViewModelFactory.swift */ = {isa = PBXFileReference; lastKnownFileType = sourcecode.swift; path = ViewModelFactory.swift; sourceTree = "<group>"; };
		9999E9ED2C690EF5002C0819 /* SkinsViewModel.swift */ = {isa = PBXFileReference; lastKnownFileType = sourcecode.swift; path = SkinsViewModel.swift; sourceTree = "<group>"; };
		9999E9EF2C690F24002C0819 /* SkinsView.swift */ = {isa = PBXFileReference; lastKnownFileType = sourcecode.swift; path = SkinsView.swift; sourceTree = "<group>"; };
		9999E9F12C691001002C0819 /* CloseButton.swift */ = {isa = PBXFileReference; lastKnownFileType = sourcecode.swift; path = CloseButton.swift; sourceTree = "<group>"; };
		9999E9F32C691453002C0819 /* SelectedSkinView.swift */ = {isa = PBXFileReference; lastKnownFileType = sourcecode.swift; path = SelectedSkinView.swift; sourceTree = "<group>"; };
		9999E9F62C6916A0002C0819 /* SelectedSkinViewModel.swift */ = {isa = PBXFileReference; lastKnownFileType = sourcecode.swift; path = SelectedSkinViewModel.swift; sourceTree = "<group>"; };
		9999E9F92C6925B3002C0819 /* SkinsListViewModel.swift */ = {isa = PBXFileReference; lastKnownFileType = sourcecode.swift; path = SkinsListViewModel.swift; sourceTree = "<group>"; };
		9999E9FB2C6925C7002C0819 /* SkinsListView.swift */ = {isa = PBXFileReference; lastKnownFileType = sourcecode.swift; path = SkinsListView.swift; sourceTree = "<group>"; };
		9999E9FD2C6926A4002C0819 /* SkinListItemView.swift */ = {isa = PBXFileReference; lastKnownFileType = sourcecode.swift; path = SkinListItemView.swift; sourceTree = "<group>"; };
		9999E9FF2C6A035E002C0819 /* EnvironmentValues.swift */ = {isa = PBXFileReference; lastKnownFileType = sourcecode.swift; path = EnvironmentValues.swift; sourceTree = "<group>"; };
		9999EA022C6A0929002C0819 /* MiniGameView.swift */ = {isa = PBXFileReference; lastKnownFileType = sourcecode.swift; path = MiniGameView.swift; sourceTree = "<group>"; };
		9999EA042C6A0EAF002C0819 /* MiniGameLaunchView.swift */ = {isa = PBXFileReference; lastKnownFileType = sourcecode.swift; path = MiniGameLaunchView.swift; sourceTree = "<group>"; };
		9999EA072C6A0FD9002C0819 /* GameView.swift */ = {isa = PBXFileReference; lastKnownFileType = sourcecode.swift; path = GameView.swift; sourceTree = "<group>"; };
		99EB82612C6A26DB00147F23 /* SpaceController.swift */ = {isa = PBXFileReference; lastKnownFileType = sourcecode.swift; path = SpaceController.swift; sourceTree = "<group>"; };
/* End PBXFileReference section */

/* Begin PBXFrameworksBuildPhase section */
		9999E9682C628CFF002C0819 /* Frameworks */ = {
			isa = PBXFrameworksBuildPhase;
			buildActionMask = 2147483647;
			files = (
			);
			runOnlyForDeploymentPostprocessing = 0;
		};
/* End PBXFrameworksBuildPhase section */

/* Begin PBXGroup section */
		99228B4C2C6F3815009A3C2F /* MiniGameScene */ = {
			isa = PBXGroup;
			children = (
				99228B4D2C6F382B009A3C2F /* GameScene.swift */,
				99228B4F2C6F3838009A3C2F /* Subclasses */,
			);
			path = MiniGameScene;
			sourceTree = "<group>";
		};
		99228B4F2C6F3838009A3C2F /* Subclasses */ = {
			isa = PBXGroup;
			children = (
				99228B502C6F3849009A3C2F /* KeySprite.swift */,
				99228B522C6F3855009A3C2F /* VerticalCandle.swift */,
				99228B542C6F385F009A3C2F /* HorizontalCandle.swift */,
				99228B562C6F3983009A3C2F /* SKSpriteNodeWithBounds.swift */,
			);
			path = Subclasses;
			sourceTree = "<group>";
		};
		9999E9622C628CFF002C0819 = {
			isa = PBXGroup;
			children = (
				9999E96D2C628CFF002C0819 /* HamsterKombat */,
				9999E96C2C628CFF002C0819 /* Products */,
			);
			sourceTree = "<group>";
		};
		9999E96C2C628CFF002C0819 /* Products */ = {
			isa = PBXGroup;
			children = (
				9999E96B2C628CFF002C0819 /* HamsterKombat.app */,
			);
			name = Products;
			sourceTree = "<group>";
		};
		9999E96D2C628CFF002C0819 /* HamsterKombat */ = {
			isa = PBXGroup;
			children = (
				9999E96E2C628CFF002C0819 /* HamsterKombatApp.swift */,
				9999E9E52C68F8EB002C0819 /* DataManager.swift */,
				9999E9EA2C690705002C0819 /* ViewModelFactory.swift */,
				9999E9E22C68F0B4002C0819 /* Model */,
				9999E9702C628CFF002C0819 /* ContentView.swift */,
				9999E97C2C628D9D002C0819 /* Views */,
				9999E9802C628DCF002C0819 /* Helpers */,
				9999E9722C628D02002C0819 /* Assets.xcassets */,
				9999E9742C628D02002C0819 /* Preview Content */,
			);
			path = HamsterKombat;
			sourceTree = "<group>";
		};
		9999E9742C628D02002C0819 /* Preview Content */ = {
			isa = PBXGroup;
			children = (
				9999E9752C628D02002C0819 /* Preview Assets.xcassets */,
			);
			path = "Preview Content";
			sourceTree = "<group>";
		};
		9999E97C2C628D9D002C0819 /* Views */ = {
			isa = PBXGroup;
			children = (
				9999E98C2C62C23F002C0819 /* Main */,
				9999E97D2C628DA5002C0819 /* Loading */,
				9999E9832C629021002C0819 /* Components */,
			);
			path = Views;
			sourceTree = "<group>";
		};
		9999E97D2C628DA5002C0819 /* Loading */ = {
			isa = PBXGroup;
			children = (
				9999E97E2C628DB4002C0819 /* LoadingView.swift */,
			);
			path = Loading;
			sourceTree = "<group>";
		};
		9999E9802C628DCF002C0819 /* Helpers */ = {
			isa = PBXGroup;
			children = (
				9999E9812C628E0A002C0819 /* ImageTitles.swift */,
				9999E9862C629093002C0819 /* UIFontExtension.swift */,
				9999E9882C6290BF002C0819 /* FontCustomModifier.swift */,
				9999E98A2C6290D2002C0819 /* ForegroundColorCustomModifier.swift */,
				9999E99A2C636F73002C0819 /* RoundedRectangleExtension.swift */,
				9999E9FF2C6A035E002C0819 /* EnvironmentValues.swift */,
			);
			path = Helpers;
			sourceTree = "<group>";
		};
		9999E9832C629021002C0819 /* Components */ = {
			isa = PBXGroup;
			children = (
				9999E9842C62902F002C0819 /* TextCustom.swift */,
			);
			path = Components;
			sourceTree = "<group>";
		};
		9999E98C2C62C23F002C0819 /* Main */ = {
			isa = PBXGroup;
			children = (
				9999E9A52C64288D002C0819 /* MainViewModel.swift */,
				9999E98D2C62C266002C0819 /* MainView.swift */,
				9999E98F2C62C27B002C0819 /* Subviews */,
			);
			path = Main;
			sourceTree = "<group>";
		};
		9999E98F2C62C27B002C0819 /* Subviews */ = {
			isa = PBXGroup;
			children = (
				9999EA012C6A0916002C0819 /* MiniGame */,
				9999E9EC2C690EE1002C0819 /* SkinsView */,
				9999E9E72C690496002C0819 /* BurseView */,
				9999E9A22C63FCBD002C0819 /* Mining */,
				9999E9902C62C28E002C0819 /* DailyRewardButton.swift */,
				9999E9922C62C593002C0819 /* CoinsForAdButton.swift */,
				9999E9942C62C64C002C0819 /* TimerView.swift */,
				9999E9962C6360C9002C0819 /* BuyASkinButton.swift */,
				9999E9982C63649C002C0819 /* LeagueView.swift */,
				9999E9F12C691001002C0819 /* CloseButton.swift */,
			);
			path = Subviews;
			sourceTree = "<group>";
		};
		9999E9A22C63FCBD002C0819 /* Mining */ = {
			isa = PBXGroup;
			children = (
				9999E9DF2C68DE5D002C0819 /* ProfessionViewSubviews */,
				9999E9A02C638DBC002C0819 /* MiningView.swift */,
				9999E9A32C63FD26002C0819 /* ProfessionView.swift */,
				9999E9A72C64BF2D002C0819 /* ProfessionDetailsView.swift */,
			);
			path = Mining;
			sourceTree = "<group>";
		};
		9999E9DF2C68DE5D002C0819 /* ProfessionViewSubviews */ = {
			isa = PBXGroup;
			children = (
				9999E9E02C68DE7B002C0819 /* ProfessionViewDescription.swift */,
			);
			path = ProfessionViewSubviews;
			sourceTree = "<group>";
		};
		9999E9E22C68F0B4002C0819 /* Model */ = {
			isa = PBXGroup;
			children = (
				9999E9E32C68F77F002C0819 /* Hamster.swift */,
			);
			path = Model;
			sourceTree = "<group>";
		};
		9999E9E72C690496002C0819 /* BurseView */ = {
			isa = PBXGroup;
			children = (
				9999E99C2C63811B002C0819 /* BurseView.swift */,
				9999E9E82C6904E2002C0819 /* BurseViewModel.swift */,
			);
			path = BurseView;
			sourceTree = "<group>";
		};
		9999E9EC2C690EE1002C0819 /* SkinsView */ = {
			isa = PBXGroup;
			children = (
				9999E9F82C69259C002C0819 /* SkinsList */,
				9999E9F52C691683002C0819 /* SelectedSkin */,
				9999E9ED2C690EF5002C0819 /* SkinsViewModel.swift */,
				9999E9EF2C690F24002C0819 /* SkinsView.swift */,
			);
			path = SkinsView;
			sourceTree = "<group>";
		};
		9999E9F52C691683002C0819 /* SelectedSkin */ = {
			isa = PBXGroup;
			children = (
				9999E9F32C691453002C0819 /* SelectedSkinView.swift */,
				9999E9F62C6916A0002C0819 /* SelectedSkinViewModel.swift */,
			);
			path = SelectedSkin;
			sourceTree = "<group>";
		};
		9999E9F82C69259C002C0819 /* SkinsList */ = {
			isa = PBXGroup;
			children = (
				9999E9F92C6925B3002C0819 /* SkinsListViewModel.swift */,
				9999E9FB2C6925C7002C0819 /* SkinsListView.swift */,
				9999E9FD2C6926A4002C0819 /* SkinListItemView.swift */,
			);
			path = SkinsList;
			sourceTree = "<group>";
		};
		9999EA012C6A0916002C0819 /* MiniGame */ = {
			isa = PBXGroup;
			children = (
				9999EA062C6A0FCC002C0819 /* GameView */,
				9999EA022C6A0929002C0819 /* MiniGameView.swift */,
				9999EA042C6A0EAF002C0819 /* MiniGameLaunchView.swift */,
			);
			path = MiniGame;
			sourceTree = "<group>";
		};
		9999EA062C6A0FCC002C0819 /* GameView */ = {
			isa = PBXGroup;
			children = (
				99228B4C2C6F3815009A3C2F /* MiniGameScene */,
				9999EA072C6A0FD9002C0819 /* GameView.swift */,
				99EB82612C6A26DB00147F23 /* SpaceController.swift */,
			);
			path = GameView;
			sourceTree = "<group>";
		};
/* End PBXGroup section */

/* Begin PBXNativeTarget section */
		9999E96A2C628CFF002C0819 /* HamsterKombat */ = {
			isa = PBXNativeTarget;
			buildConfigurationList = 9999E9792C628D02002C0819 /* Build configuration list for PBXNativeTarget "HamsterKombat" */;
			buildPhases = (
				9999E9672C628CFF002C0819 /* Sources */,
				9999E9682C628CFF002C0819 /* Frameworks */,
				9999E9692C628CFF002C0819 /* Resources */,
			);
			buildRules = (
			);
			dependencies = (
			);
			name = HamsterKombat;
			productName = HamsterKombat;
			productReference = 9999E96B2C628CFF002C0819 /* HamsterKombat.app */;
			productType = "com.apple.product-type.application";
		};
/* End PBXNativeTarget section */

/* Begin PBXProject section */
		9999E9632C628CFF002C0819 /* Project object */ = {
			isa = PBXProject;
			attributes = {
				BuildIndependentTargetsInParallel = 1;
				LastSwiftUpdateCheck = 1540;
				LastUpgradeCheck = 1540;
				TargetAttributes = {
					9999E96A2C628CFF002C0819 = {
						CreatedOnToolsVersion = 15.4;
					};
				};
			};
			buildConfigurationList = 9999E9662C628CFF002C0819 /* Build configuration list for PBXProject "HamsterKombat" */;
			compatibilityVersion = "Xcode 14.0";
			developmentRegion = en;
			hasScannedForEncodings = 0;
			knownRegions = (
				en,
				Base,
			);
			mainGroup = 9999E9622C628CFF002C0819;
			productRefGroup = 9999E96C2C628CFF002C0819 /* Products */;
			projectDirPath = "";
			projectRoot = "";
			targets = (
				9999E96A2C628CFF002C0819 /* HamsterKombat */,
			);
		};
/* End PBXProject section */

/* Begin PBXResourcesBuildPhase section */
		9999E9692C628CFF002C0819 /* Resources */ = {
			isa = PBXResourcesBuildPhase;
			buildActionMask = 2147483647;
			files = (
				9999E9762C628D02002C0819 /* Preview Assets.xcassets in Resources */,
				9999E9732C628D02002C0819 /* Assets.xcassets in Resources */,
			);
			runOnlyForDeploymentPostprocessing = 0;
		};
/* End PBXResourcesBuildPhase section */

/* Begin PBXSourcesBuildPhase section */
		9999E9672C628CFF002C0819 /* Sources */ = {
			isa = PBXSourcesBuildPhase;
			buildActionMask = 2147483647;
			files = (
				9999E9852C62902F002C0819 /* TextCustom.swift in Sources */,
				9999E9EE2C690EF5002C0819 /* SkinsViewModel.swift in Sources */,
				9999E98E2C62C266002C0819 /* MainView.swift in Sources */,
				9999E9892C6290BF002C0819 /* FontCustomModifier.swift in Sources */,
				9999E9EB2C690706002C0819 /* ViewModelFactory.swift in Sources */,
				9999E9A82C64BF2D002C0819 /* ProfessionDetailsView.swift in Sources */,
				99EB82622C6A26DB00147F23 /* SpaceController.swift in Sources */,
				9999E98B2C6290D2002C0819 /* ForegroundColorCustomModifier.swift in Sources */,
				9999E9E62C68F8EB002C0819 /* DataManager.swift in Sources */,
				9999E9912C62C28E002C0819 /* DailyRewardButton.swift in Sources */,
				99228B512C6F3849009A3C2F /* KeySprite.swift in Sources */,
				9999EA032C6A0929002C0819 /* MiniGameView.swift in Sources */,
				9999E9992C63649C002C0819 /* LeagueView.swift in Sources */,
				9999E99D2C63811B002C0819 /* BurseView.swift in Sources */,
				9999EA002C6A035E002C0819 /* EnvironmentValues.swift in Sources */,
				9999E9822C628E0A002C0819 /* ImageTitles.swift in Sources */,
				99228B572C6F3983009A3C2F /* SKSpriteNodeWithBounds.swift in Sources */,
				9999E9972C6360C9002C0819 /* BuyASkinButton.swift in Sources */,
				9999E9FC2C6925C7002C0819 /* SkinsListView.swift in Sources */,
				9999E9952C62C64C002C0819 /* TimerView.swift in Sources */,
				9999E9F42C691453002C0819 /* SelectedSkinView.swift in Sources */,
				9999E9A42C63FD26002C0819 /* ProfessionView.swift in Sources */,
				9999E9A12C638DBC002C0819 /* MiningView.swift in Sources */,
				99228B532C6F3855009A3C2F /* VerticalCandle.swift in Sources */,
				99228B4E2C6F382B009A3C2F /* GameScene.swift in Sources */,
				9999E9E12C68DE7B002C0819 /* ProfessionViewDescription.swift in Sources */,
				9999E9932C62C593002C0819 /* CoinsForAdButton.swift in Sources */,
				9999E9F22C691001002C0819 /* CloseButton.swift in Sources */,
				9999E9F72C6916A0002C0819 /* SelectedSkinViewModel.swift in Sources */,
				9999EA052C6A0EAF002C0819 /* MiniGameLaunchView.swift in Sources */,
				9999E9A62C64288D002C0819 /* MainViewModel.swift in Sources */,
				9999E9FE2C6926A4002C0819 /* SkinListItemView.swift in Sources */,
				9999E9E42C68F77F002C0819 /* Hamster.swift in Sources */,
				9999E9712C628CFF002C0819 /* ContentView.swift in Sources */,
				9999E9FA2C6925B3002C0819 /* SkinsListViewModel.swift in Sources */,
				9999E96F2C628CFF002C0819 /* HamsterKombatApp.swift in Sources */,
				9999E9E92C6904E2002C0819 /* BurseViewModel.swift in Sources */,
				99228B552C6F385F009A3C2F /* HorizontalCandle.swift in Sources */,
				9999E99B2C636F73002C0819 /* RoundedRectangleExtension.swift in Sources */,
				9999E9872C629093002C0819 /* UIFontExtension.swift in Sources */,
				9999EA082C6A0FD9002C0819 /* GameView.swift in Sources */,
				9999E97F2C628DB4002C0819 /* LoadingView.swift in Sources */,
				9999E9F02C690F24002C0819 /* SkinsView.swift in Sources */,
			);
			runOnlyForDeploymentPostprocessing = 0;
		};
/* End PBXSourcesBuildPhase section */

/* Begin XCBuildConfiguration section */
		9999E9772C628D02002C0819 /* Debug */ = {
			isa = XCBuildConfiguration;
			buildSettings = {
				ALWAYS_SEARCH_USER_PATHS = NO;
				ASSETCATALOG_COMPILER_GENERATE_SWIFT_ASSET_SYMBOL_EXTENSIONS = YES;
				CLANG_ANALYZER_NONNULL = YES;
				CLANG_ANALYZER_NUMBER_OBJECT_CONVERSION = YES_AGGRESSIVE;
				CLANG_CXX_LANGUAGE_STANDARD = "gnu++20";
				CLANG_ENABLE_MODULES = YES;
				CLANG_ENABLE_OBJC_ARC = YES;
				CLANG_ENABLE_OBJC_WEAK = YES;
				CLANG_WARN_BLOCK_CAPTURE_AUTORELEASING = YES;
				CLANG_WARN_BOOL_CONVERSION = YES;
				CLANG_WARN_COMMA = YES;
				CLANG_WARN_CONSTANT_CONVERSION = YES;
				CLANG_WARN_DEPRECATED_OBJC_IMPLEMENTATIONS = YES;
				CLANG_WARN_DIRECT_OBJC_ISA_USAGE = YES_ERROR;
				CLANG_WARN_DOCUMENTATION_COMMENTS = YES;
				CLANG_WARN_EMPTY_BODY = YES;
				CLANG_WARN_ENUM_CONVERSION = YES;
				CLANG_WARN_INFINITE_RECURSION = YES;
				CLANG_WARN_INT_CONVERSION = YES;
				CLANG_WARN_NON_LITERAL_NULL_CONVERSION = YES;
				CLANG_WARN_OBJC_IMPLICIT_RETAIN_SELF = YES;
				CLANG_WARN_OBJC_LITERAL_CONVERSION = YES;
				CLANG_WARN_OBJC_ROOT_CLASS = YES_ERROR;
				CLANG_WARN_QUOTED_INCLUDE_IN_FRAMEWORK_HEADER = YES;
				CLANG_WARN_RANGE_LOOP_ANALYSIS = YES;
				CLANG_WARN_STRICT_PROTOTYPES = YES;
				CLANG_WARN_SUSPICIOUS_MOVE = YES;
				CLANG_WARN_UNGUARDED_AVAILABILITY = YES_AGGRESSIVE;
				CLANG_WARN_UNREACHABLE_CODE = YES;
				CLANG_WARN__DUPLICATE_METHOD_MATCH = YES;
				COPY_PHASE_STRIP = NO;
				DEBUG_INFORMATION_FORMAT = dwarf;
				ENABLE_STRICT_OBJC_MSGSEND = YES;
				ENABLE_TESTABILITY = YES;
				ENABLE_USER_SCRIPT_SANDBOXING = YES;
				GCC_C_LANGUAGE_STANDARD = gnu17;
				GCC_DYNAMIC_NO_PIC = NO;
				GCC_NO_COMMON_BLOCKS = YES;
				GCC_OPTIMIZATION_LEVEL = 0;
				GCC_PREPROCESSOR_DEFINITIONS = (
					"DEBUG=1",
					"$(inherited)",
				);
				GCC_WARN_64_TO_32_BIT_CONVERSION = YES;
				GCC_WARN_ABOUT_RETURN_TYPE = YES_ERROR;
				GCC_WARN_UNDECLARED_SELECTOR = YES;
				GCC_WARN_UNINITIALIZED_AUTOS = YES_AGGRESSIVE;
				GCC_WARN_UNUSED_FUNCTION = YES;
				GCC_WARN_UNUSED_VARIABLE = YES;
				IPHONEOS_DEPLOYMENT_TARGET = 14;
				LOCALIZATION_PREFERS_STRING_CATALOGS = YES;
				MTL_ENABLE_DEBUG_INFO = INCLUDE_SOURCE;
				MTL_FAST_MATH = YES;
				ONLY_ACTIVE_ARCH = YES;
				SDKROOT = iphoneos;
				SWIFT_ACTIVE_COMPILATION_CONDITIONS = "DEBUG $(inherited)";
				SWIFT_OPTIMIZATION_LEVEL = "-Onone";
			};
			name = Debug;
		};
		9999E9782C628D02002C0819 /* Release */ = {
			isa = XCBuildConfiguration;
			buildSettings = {
				ALWAYS_SEARCH_USER_PATHS = NO;
				ASSETCATALOG_COMPILER_GENERATE_SWIFT_ASSET_SYMBOL_EXTENSIONS = YES;
				CLANG_ANALYZER_NONNULL = YES;
				CLANG_ANALYZER_NUMBER_OBJECT_CONVERSION = YES_AGGRESSIVE;
				CLANG_CXX_LANGUAGE_STANDARD = "gnu++20";
				CLANG_ENABLE_MODULES = YES;
				CLANG_ENABLE_OBJC_ARC = YES;
				CLANG_ENABLE_OBJC_WEAK = YES;
				CLANG_WARN_BLOCK_CAPTURE_AUTORELEASING = YES;
				CLANG_WARN_BOOL_CONVERSION = YES;
				CLANG_WARN_COMMA = YES;
				CLANG_WARN_CONSTANT_CONVERSION = YES;
				CLANG_WARN_DEPRECATED_OBJC_IMPLEMENTATIONS = YES;
				CLANG_WARN_DIRECT_OBJC_ISA_USAGE = YES_ERROR;
				CLANG_WARN_DOCUMENTATION_COMMENTS = YES;
				CLANG_WARN_EMPTY_BODY = YES;
				CLANG_WARN_ENUM_CONVERSION = YES;
				CLANG_WARN_INFINITE_RECURSION = YES;
				CLANG_WARN_INT_CONVERSION = YES;
				CLANG_WARN_NON_LITERAL_NULL_CONVERSION = YES;
				CLANG_WARN_OBJC_IMPLICIT_RETAIN_SELF = YES;
				CLANG_WARN_OBJC_LITERAL_CONVERSION = YES;
				CLANG_WARN_OBJC_ROOT_CLASS = YES_ERROR;
				CLANG_WARN_QUOTED_INCLUDE_IN_FRAMEWORK_HEADER = YES;
				CLANG_WARN_RANGE_LOOP_ANALYSIS = YES;
				CLANG_WARN_STRICT_PROTOTYPES = YES;
				CLANG_WARN_SUSPICIOUS_MOVE = YES;
				CLANG_WARN_UNGUARDED_AVAILABILITY = YES_AGGRESSIVE;
				CLANG_WARN_UNREACHABLE_CODE = YES;
				CLANG_WARN__DUPLICATE_METHOD_MATCH = YES;
				COPY_PHASE_STRIP = NO;
				DEBUG_INFORMATION_FORMAT = "dwarf-with-dsym";
				ENABLE_NS_ASSERTIONS = NO;
				ENABLE_STRICT_OBJC_MSGSEND = YES;
				ENABLE_USER_SCRIPT_SANDBOXING = YES;
				GCC_C_LANGUAGE_STANDARD = gnu17;
				GCC_NO_COMMON_BLOCKS = YES;
				GCC_WARN_64_TO_32_BIT_CONVERSION = YES;
				GCC_WARN_ABOUT_RETURN_TYPE = YES_ERROR;
				GCC_WARN_UNDECLARED_SELECTOR = YES;
				GCC_WARN_UNINITIALIZED_AUTOS = YES_AGGRESSIVE;
				GCC_WARN_UNUSED_FUNCTION = YES;
				GCC_WARN_UNUSED_VARIABLE = YES;
				IPHONEOS_DEPLOYMENT_TARGET = 14;
				LOCALIZATION_PREFERS_STRING_CATALOGS = YES;
				MTL_ENABLE_DEBUG_INFO = NO;
				MTL_FAST_MATH = YES;
				SDKROOT = iphoneos;
				SWIFT_COMPILATION_MODE = wholemodule;
				VALIDATE_PRODUCT = YES;
			};
			name = Release;
		};
		9999E97A2C628D02002C0819 /* Debug */ = {
			isa = XCBuildConfiguration;
			buildSettings = {
				ASSETCATALOG_COMPILER_APPICON_NAME = AppIcon;
				ASSETCATALOG_COMPILER_GLOBAL_ACCENT_COLOR_NAME = AccentColor;
				CODE_SIGN_STYLE = Automatic;
				CURRENT_PROJECT_VERSION = 1;
				DEVELOPMENT_ASSET_PATHS = "\"HamsterKombat/Preview Content\"";
				ENABLE_PREVIEWS = YES;
				GENERATE_INFOPLIST_FILE = YES;
				INFOPLIST_KEY_UIApplicationSceneManifest_Generation = YES;
				INFOPLIST_KEY_UIApplicationSupportsIndirectInputEvents = YES;
				INFOPLIST_KEY_UILaunchScreen_Generation = YES;
				INFOPLIST_KEY_UIRequiresFullScreen = YES;
				INFOPLIST_KEY_UISupportedInterfaceOrientations = UIInterfaceOrientationPortrait;
				IPHONEOS_DEPLOYMENT_TARGET = 14;
				LD_RUNPATH_SEARCH_PATHS = (
					"$(inherited)",
					"@executable_path/Frameworks",
				);
				MARKETING_VERSION = 1.0;
				PRODUCT_BUNDLE_IDENTIFIER = Nevermind.HamsterKombat;
				PRODUCT_NAME = "$(TARGET_NAME)";
				SUPPORTED_PLATFORMS = "iphoneos iphonesimulator";
				SUPPORTS_MACCATALYST = NO;
				SUPPORTS_MAC_DESIGNED_FOR_IPHONE_IPAD = NO;
				SUPPORTS_XR_DESIGNED_FOR_IPHONE_IPAD = NO;
				SWIFT_EMIT_LOC_STRINGS = YES;
				SWIFT_VERSION = 5.0;
				TARGETED_DEVICE_FAMILY = "1,2";
			};
			name = Debug;
		};
		9999E97B2C628D02002C0819 /* Release */ = {
			isa = XCBuildConfiguration;
			buildSettings = {
				ASSETCATALOG_COMPILER_APPICON_NAME = AppIcon;
				ASSETCATALOG_COMPILER_GLOBAL_ACCENT_COLOR_NAME = AccentColor;
				CODE_SIGN_STYLE = Automatic;
				CURRENT_PROJECT_VERSION = 1;
				DEVELOPMENT_ASSET_PATHS = "\"HamsterKombat/Preview Content\"";
				ENABLE_PREVIEWS = YES;
				GENERATE_INFOPLIST_FILE = YES;
				INFOPLIST_KEY_UIApplicationSceneManifest_Generation = YES;
				INFOPLIST_KEY_UIApplicationSupportsIndirectInputEvents = YES;
				INFOPLIST_KEY_UILaunchScreen_Generation = YES;
				INFOPLIST_KEY_UIRequiresFullScreen = YES;
				INFOPLIST_KEY_UISupportedInterfaceOrientations = UIInterfaceOrientationPortrait;
				IPHONEOS_DEPLOYMENT_TARGET = 14;
				LD_RUNPATH_SEARCH_PATHS = (
					"$(inherited)",
					"@executable_path/Frameworks",
				);
				MARKETING_VERSION = 1.0;
				PRODUCT_BUNDLE_IDENTIFIER = Nevermind.HamsterKombat;
				PRODUCT_NAME = "$(TARGET_NAME)";
				SUPPORTED_PLATFORMS = "iphoneos iphonesimulator";
				SUPPORTS_MACCATALYST = NO;
				SUPPORTS_MAC_DESIGNED_FOR_IPHONE_IPAD = NO;
				SUPPORTS_XR_DESIGNED_FOR_IPHONE_IPAD = NO;
				SWIFT_EMIT_LOC_STRINGS = YES;
				SWIFT_VERSION = 5.0;
				TARGETED_DEVICE_FAMILY = "1,2";
			};
			name = Release;
		};
/* End XCBuildConfiguration section */

/* Begin XCConfigurationList section */
		9999E9662C628CFF002C0819 /* Build configuration list for PBXProject "HamsterKombat" */ = {
			isa = XCConfigurationList;
			buildConfigurations = (
				9999E9772C628D02002C0819 /* Debug */,
				9999E9782C628D02002C0819 /* Release */,
			);
			defaultConfigurationIsVisible = 0;
			defaultConfigurationName = Release;
		};
		9999E9792C628D02002C0819 /* Build configuration list for PBXNativeTarget "HamsterKombat" */ = {
			isa = XCConfigurationList;
			buildConfigurations = (
				9999E97A2C628D02002C0819 /* Debug */,
				9999E97B2C628D02002C0819 /* Release */,
			);
			defaultConfigurationIsVisible = 0;
			defaultConfigurationName = Release;
		};
/* End XCConfigurationList section */
	};
	rootObject = 9999E9632C628CFF002C0819 /* Project object */;
}
